version = 1
revision = 3
requires-python = ">=3.10"

[manifest]
members = [
    "get-oodle-lib",
    "parse-commit-gitdeps-xml",
]

[[package]]
name = "get-oodle-lib"
version = "0.2.0"
source = { editable = "." }
dependencies = [
    { name = "parse-commit-gitdeps-xml" },
]

[package.metadata]
requires-dist = [{ name = "parse-commit-gitdeps-xml", editable = "packages/parse-commit-gitdeps-xml" }]

[[package]]
name = "parse-commit-gitdeps-xml"
version = "0.1.0"
source = { editable = "packages/parse-commit-gitdeps-xml" }
